
Microsoft Visual Studio Solution File, Format Version 12.00
# Visual Studio Version 17
VisualStudioVersion = 17.8.34309.116
MinimumVisualStudioVersion = 10.0.40219.1
Project("{8BC9CEB8-8B4A-11D0-8D11-00A0C91BC942}") = "PMXLoader", "PMXLoader\PMXLoader.vcxproj", "{8D1556F4-61CA-4ABF-AA07-585C2CFBB0B0}"
EndProject
Project("{8BC9CEB8-8B4A-11D0-8D11-00A0C91BC942}") = "StaticModel", "StaticModel\StaticModel.vcxproj", "{CE780C82-96EF-4784-BB11-DDDBCD103D47}"
EndProject
Project("{8BC9CEB8-8B4A-11D0-8D11-00A0C91BC942}") = "BoneModel", "BoneModel\BoneModel.vcxproj", "{DC185120-91C8-45CF-8496-A7D3D9EDCAEC}"
EndProject
Global
	GlobalSection(SolutionConfigurationPlatforms) = preSolution
		Debug|x64 = Debug|x64
		Release|x64 = Release|x64
	EndGlobalSection
	GlobalSection(ProjectConfigurationPlatforms) = postSolution
		{8D1556F4-61CA-4ABF-AA07-585C2CFBB0B0}.Debug|x64.ActiveCfg = Debug|x64
		{8D1556F4-61CA-4ABF-AA07-585C2CFBB0B0}.Debug|x64.Build.0 = Debug|x64
		{8D1556F4-61CA-4ABF-AA07-585C2CFBB0B0}.Release|x64.ActiveCfg = Release|x64
		{8D1556F4-61CA-4ABF-AA07-585C2CFBB0B0}.Release|x64.Build.0 = Release|x64
		{CE780C82-96EF-4784-BB11-DDDBCD103D47}.Debug|x64.ActiveCfg = Debug|x64
		{CE780C82-96EF-4784-BB11-DDDBCD103D47}.Debug|x64.Build.0 = Debug|x64
		{CE780C82-96EF-4784-BB11-DDDBCD103D47}.Release|x64.ActiveCfg = Release|x64
		{CE780C82-96EF-4784-BB11-DDDBCD103D47}.Release|x64.Build.0 = Release|x64
		{DC185120-91C8-45CF-8496-A7D3D9EDCAEC}.Debug|x64.ActiveCfg = Debug|x64
		{DC185120-91C8-45CF-8496-A7D3D9EDCAEC}.Debug|x64.Build.0 = Debug|x64
		{DC185120-91C8-45CF-8496-A7D3D9EDCAEC}.Release|x64.ActiveCfg = Release|x64
		{DC185120-91C8-45CF-8496-A7D3D9EDCAEC}.Release|x64.Build.0 = Release|x64
	EndGlobalSection
	GlobalSection(SolutionProperties) = preSolution
		HideSolutionNode = FALSE
	EndGlobalSection
	GlobalSection(ExtensibilityGlobals) = postSolution
		SolutionGuid = {99EAD97C-01CD-4142-B1CF-BD380927F78D}
	EndGlobalSection
EndGlobal
