
Microsoft Visual Studio Solution File, Format Version 12.00
# Visual Studio Version 17
VisualStudioVersion = 17.8.34330.188
MinimumVisualStudioVersion = 10.0.40219.1
Project("{2150E333-8FDC-42A3-9474-1A3956D46DE8}") = "CMakePredefinedTargets", "CMakePredefinedTargets", "{34B59948-6154-3CE6-A6C6-A979356F0893}"
EndProject
Project("{2150E333-8FDC-42A3-9474-1A3956D46DE8}") = "GLFW3", "GLFW3", "{503AB110-D5DC-3092-A28E-7CFFF6A5EB82}"
EndProject
Project("{8BC9CEB8-8B4A-11D0-8D11-00A0C91BC942}") = "ALL_BUILD", "ALL_BUILD.vcxproj", "{8642D687-6BD4-3CDA-AB8E-B9E6F19C93B5}"
	ProjectSection(ProjectDependencies) = postProject
		{7D78B319-08F9-3CC0-BE75-FD87C507095D} = {7D78B319-08F9-3CC0-BE75-FD87C507095D}
		{84267CDB-C8B0-3E97-8112-008780780458} = {84267CDB-C8B0-3E97-8112-008780780458}
		{C5F285B4-8F9A-30F8-AB7A-18810E8B2498} = {C5F285B4-8F9A-30F8-AB7A-18810E8B2498}
		{BA255059-8205-39E8-84CE-20F08E14799C} = {BA255059-8205-39E8-84CE-20F08E14799C}
		{4A45C566-5B28-36FF-B0D7-65C243BB9B11} = {4A45C566-5B28-36FF-B0D7-65C243BB9B11}
	EndProjectSection
EndProject
Project("{8BC9CEB8-8B4A-11D0-8D11-00A0C91BC942}") = "RUN_TESTS", "RUN_TESTS.vcxproj", "{FF3EEA60-E405-354C-8975-EA58EE2D03D6}"
	ProjectSection(ProjectDependencies) = postProject
		{84267CDB-C8B0-3E97-8112-008780780458} = {84267CDB-C8B0-3E97-8112-008780780458}
	EndProjectSection
EndProject
Project("{8BC9CEB8-8B4A-11D0-8D11-00A0C91BC942}") = "Saba", "src\Saba.vcxproj", "{7D78B319-08F9-3CC0-BE75-FD87C507095D}"
	ProjectSection(ProjectDependencies) = postProject
		{84267CDB-C8B0-3E97-8112-008780780458} = {84267CDB-C8B0-3E97-8112-008780780458}
	EndProjectSection
EndProject
Project("{8BC9CEB8-8B4A-11D0-8D11-00A0C91BC942}") = "ZERO_CHECK", "ZERO_CHECK.vcxproj", "{84267CDB-C8B0-3E97-8112-008780780458}"
EndProject
Project("{8BC9CEB8-8B4A-11D0-8D11-00A0C91BC942}") = "glfw", "external\glfw\src\glfw.vcxproj", "{C5F285B4-8F9A-30F8-AB7A-18810E8B2498}"
	ProjectSection(ProjectDependencies) = postProject
		{84267CDB-C8B0-3E97-8112-008780780458} = {84267CDB-C8B0-3E97-8112-008780780458}
	EndProjectSection
EndProject
Project("{8BC9CEB8-8B4A-11D0-8D11-00A0C91BC942}") = "simple_mmd_viewer_dx11", "example\simple_mmd_viewer_dx11.vcxproj", "{BA255059-8205-39E8-84CE-20F08E14799C}"
	ProjectSection(ProjectDependencies) = postProject
		{7D78B319-08F9-3CC0-BE75-FD87C507095D} = {7D78B319-08F9-3CC0-BE75-FD87C507095D}
		{84267CDB-C8B0-3E97-8112-008780780458} = {84267CDB-C8B0-3E97-8112-008780780458}
	EndProjectSection
EndProject
Project("{8BC9CEB8-8B4A-11D0-8D11-00A0C91BC942}") = "simple_mmd_viewer_glfw", "example\simple_mmd_viewer_glfw.vcxproj", "{4A45C566-5B28-36FF-B0D7-65C243BB9B11}"
	ProjectSection(ProjectDependencies) = postProject
		{7D78B319-08F9-3CC0-BE75-FD87C507095D} = {7D78B319-08F9-3CC0-BE75-FD87C507095D}
		{84267CDB-C8B0-3E97-8112-008780780458} = {84267CDB-C8B0-3E97-8112-008780780458}
		{C5F285B4-8F9A-30F8-AB7A-18810E8B2498} = {C5F285B4-8F9A-30F8-AB7A-18810E8B2498}
	EndProjectSection
EndProject
Global
	GlobalSection(SolutionConfigurationPlatforms) = preSolution
		Debug|x64 = Debug|x64
		MinSizeRel|x64 = MinSizeRel|x64
		Release|x64 = Release|x64
		RelWithDebInfo|x64 = RelWithDebInfo|x64
	EndGlobalSection
	GlobalSection(ProjectConfigurationPlatforms) = postSolution
		{8642D687-6BD4-3CDA-AB8E-B9E6F19C93B5}.Debug|x64.ActiveCfg = Debug|x64
		{8642D687-6BD4-3CDA-AB8E-B9E6F19C93B5}.MinSizeRel|x64.ActiveCfg = MinSizeRel|x64
		{8642D687-6BD4-3CDA-AB8E-B9E6F19C93B5}.Release|x64.ActiveCfg = Release|x64
		{8642D687-6BD4-3CDA-AB8E-B9E6F19C93B5}.RelWithDebInfo|x64.ActiveCfg = RelWithDebInfo|x64
		{FF3EEA60-E405-354C-8975-EA58EE2D03D6}.Debug|x64.ActiveCfg = Debug|x64
		{FF3EEA60-E405-354C-8975-EA58EE2D03D6}.MinSizeRel|x64.ActiveCfg = MinSizeRel|x64
		{FF3EEA60-E405-354C-8975-EA58EE2D03D6}.Release|x64.ActiveCfg = Release|x64
		{FF3EEA60-E405-354C-8975-EA58EE2D03D6}.RelWithDebInfo|x64.ActiveCfg = RelWithDebInfo|x64
		{7D78B319-08F9-3CC0-BE75-FD87C507095D}.Debug|x64.ActiveCfg = Debug|x64
		{7D78B319-08F9-3CC0-BE75-FD87C507095D}.Debug|x64.Build.0 = Debug|x64
		{7D78B319-08F9-3CC0-BE75-FD87C507095D}.MinSizeRel|x64.ActiveCfg = MinSizeRel|x64
		{7D78B319-08F9-3CC0-BE75-FD87C507095D}.MinSizeRel|x64.Build.0 = MinSizeRel|x64
		{7D78B319-08F9-3CC0-BE75-FD87C507095D}.Release|x64.ActiveCfg = Release|x64
		{7D78B319-08F9-3CC0-BE75-FD87C507095D}.Release|x64.Build.0 = Release|x64
		{7D78B319-08F9-3CC0-BE75-FD87C507095D}.RelWithDebInfo|x64.ActiveCfg = RelWithDebInfo|x64
		{7D78B319-08F9-3CC0-BE75-FD87C507095D}.RelWithDebInfo|x64.Build.0 = RelWithDebInfo|x64
		{84267CDB-C8B0-3E97-8112-008780780458}.Debug|x64.ActiveCfg = Debug|x64
		{84267CDB-C8B0-3E97-8112-008780780458}.Debug|x64.Build.0 = Debug|x64
		{84267CDB-C8B0-3E97-8112-008780780458}.MinSizeRel|x64.ActiveCfg = MinSizeRel|x64
		{84267CDB-C8B0-3E97-8112-008780780458}.MinSizeRel|x64.Build.0 = MinSizeRel|x64
		{84267CDB-C8B0-3E97-8112-008780780458}.Release|x64.ActiveCfg = Release|x64
		{84267CDB-C8B0-3E97-8112-008780780458}.Release|x64.Build.0 = Release|x64
		{84267CDB-C8B0-3E97-8112-008780780458}.RelWithDebInfo|x64.ActiveCfg = RelWithDebInfo|x64
		{84267CDB-C8B0-3E97-8112-008780780458}.RelWithDebInfo|x64.Build.0 = RelWithDebInfo|x64
		{C5F285B4-8F9A-30F8-AB7A-18810E8B2498}.Debug|x64.ActiveCfg = Debug|x64
		{C5F285B4-8F9A-30F8-AB7A-18810E8B2498}.Debug|x64.Build.0 = Debug|x64
		{C5F285B4-8F9A-30F8-AB7A-18810E8B2498}.MinSizeRel|x64.ActiveCfg = MinSizeRel|x64
		{C5F285B4-8F9A-30F8-AB7A-18810E8B2498}.MinSizeRel|x64.Build.0 = MinSizeRel|x64
		{C5F285B4-8F9A-30F8-AB7A-18810E8B2498}.Release|x64.ActiveCfg = Release|x64
		{C5F285B4-8F9A-30F8-AB7A-18810E8B2498}.Release|x64.Build.0 = Release|x64
		{C5F285B4-8F9A-30F8-AB7A-18810E8B2498}.RelWithDebInfo|x64.ActiveCfg = RelWithDebInfo|x64
		{C5F285B4-8F9A-30F8-AB7A-18810E8B2498}.RelWithDebInfo|x64.Build.0 = RelWithDebInfo|x64
		{BA255059-8205-39E8-84CE-20F08E14799C}.Debug|x64.ActiveCfg = Debug|x64
		{BA255059-8205-39E8-84CE-20F08E14799C}.Debug|x64.Build.0 = Debug|x64
		{BA255059-8205-39E8-84CE-20F08E14799C}.MinSizeRel|x64.ActiveCfg = MinSizeRel|x64
		{BA255059-8205-39E8-84CE-20F08E14799C}.MinSizeRel|x64.Build.0 = MinSizeRel|x64
		{BA255059-8205-39E8-84CE-20F08E14799C}.Release|x64.ActiveCfg = Release|x64
		{BA255059-8205-39E8-84CE-20F08E14799C}.Release|x64.Build.0 = Release|x64
		{BA255059-8205-39E8-84CE-20F08E14799C}.RelWithDebInfo|x64.ActiveCfg = RelWithDebInfo|x64
		{BA255059-8205-39E8-84CE-20F08E14799C}.RelWithDebInfo|x64.Build.0 = RelWithDebInfo|x64
		{4A45C566-5B28-36FF-B0D7-65C243BB9B11}.Debug|x64.ActiveCfg = Debug|x64
		{4A45C566-5B28-36FF-B0D7-65C243BB9B11}.Debug|x64.Build.0 = Debug|x64
		{4A45C566-5B28-36FF-B0D7-65C243BB9B11}.MinSizeRel|x64.ActiveCfg = MinSizeRel|x64
		{4A45C566-5B28-36FF-B0D7-65C243BB9B11}.MinSizeRel|x64.Build.0 = MinSizeRel|x64
		{4A45C566-5B28-36FF-B0D7-65C243BB9B11}.Release|x64.ActiveCfg = Release|x64
		{4A45C566-5B28-36FF-B0D7-65C243BB9B11}.Release|x64.Build.0 = Release|x64
		{4A45C566-5B28-36FF-B0D7-65C243BB9B11}.RelWithDebInfo|x64.ActiveCfg = RelWithDebInfo|x64
		{4A45C566-5B28-36FF-B0D7-65C243BB9B11}.RelWithDebInfo|x64.Build.0 = RelWithDebInfo|x64
	EndGlobalSection
	GlobalSection(SolutionProperties) = preSolution
		HideSolutionNode = FALSE
	EndGlobalSection
	GlobalSection(NestedProjects) = preSolution
		{8642D687-6BD4-3CDA-AB8E-B9E6F19C93B5} = {34B59948-6154-3CE6-A6C6-A979356F0893}
		{FF3EEA60-E405-354C-8975-EA58EE2D03D6} = {34B59948-6154-3CE6-A6C6-A979356F0893}
		{84267CDB-C8B0-3E97-8112-008780780458} = {34B59948-6154-3CE6-A6C6-A979356F0893}
		{C5F285B4-8F9A-30F8-AB7A-18810E8B2498} = {503AB110-D5DC-3092-A28E-7CFFF6A5EB82}
	EndGlobalSection
	GlobalSection(ExtensibilityGlobals) = postSolution
		SolutionGuid = {C6E0FCF7-5282-3462-B813-B09E1DB2E9B0}
	EndGlobalSection
EndGlobal
